
Microsoft Visual Studio Solution File, Format Version 12.00
# Visual Studio Version 16
VisualStudioVersion = 16.0.31605.320
MinimumVisualStudioVersion = 10.0.40219.1
Project("{FAE04EC0-301F-11D3-BF4B-00C04F79EFBC}") = "FormPrac1", "FormPrac1\FormPrac1.csproj", "{E391977F-B932-48B5-8381-D43921A35149}"
EndProject
Global
	GlobalSection(SolutionConfigurationPlatforms) = preSolution
		Debug|Any CPU = Debug|Any CPU
		Release|Any CPU = Release|Any CPU
	EndGlobalSection
	GlobalSection(ProjectConfigurationPlatforms) = postSolution
		{E391977F-B932-48B5-8381-D43921A35149}.Debug|Any CPU.ActiveCfg = Debug|Any CPU
		{E391977F-B932-48B5-8381-D43921A35149}.Debug|Any CPU.Build.0 = Debug|Any CPU
		{E391977F-B932-48B5-8381-D43921A35149}.Release|Any CPU.ActiveCfg = Release|Any CPU
		{E391977F-B932-48B5-8381-D43921A35149}.Release|Any CPU.Build.0 = Release|Any CPU
	EndGlobalSection
	GlobalSection(SolutionProperties) = preSolution
		HideSolutionNode = FALSE
	EndGlobalSection
	GlobalSection(ExtensibilityGlobals) = postSolution
		SolutionGuid = {D482BFFE-ACCA-492E-906A-21BAA7C6CFD8}
	EndGlobalSection
EndGlobal
